schema: '2.0'
stages:
  train:
    cmd: /Users/alejandraossayepes/anaconda3/bin/python scripts/Model_dvc.py
    deps:
    - path: scripts/Model_dvc.py
      hash: md5
      md5: 36cbd2c8e18ee5a706abc80200e7e8bf
      size: 3018
    outs:
    - path: data/results/Decision Tree_metrics.json
      hash: md5
      md5: 69dda5af40bd4217e2f5a10f9f364b84
      size: 110
    - path: data/results/KNN_metrics.json
      hash: md5
      md5: e864db11b9feebf8032fffbb7bb0d95b
      size: 109
    - path: data/results/Random Forest_metrics.json
      hash: md5
      md5: 963bdf239fde27e98722ee33f682ce67
      size: 109
    - path: models/dt_model.pkl
      hash: md5
      md5: fb8c9957c268c0f6e6902cf230b1d2a9
      size: 3081
    - path: models/knn_model.pkl
      hash: md5
      md5: ee00290752d2f97db26f1dc16e0258df
      size: 95254
    - path: models/rf_model.pkl
      hash: md5
      md5: 295732ef1b347c1c204e4bd699ee019f
      size: 31754009
